// !$*UTF8*$!
{
	archiveVersion = 1;
	classes = {
	};
	objectVersion = 46;
	objects = {

/* Begin PBXBuildFile section */
		27864DE51BDD931A00C7C73C /* Cocoa.framework in Frameworks */ = {isa = PBXBuildFile; fileRef = 27864DE41BDD931A00C7C73C /* Cocoa.framework */; };
		27864DED1BDD931A00C7C73C /* main.m in Sources */ = {isa = PBXBuildFile; fileRef = 27864DEC1BDD931A00C7C73C /* main.m */; };
		27864DF01BDD931A00C7C73C /* Credits.rtf in Resources */ = {isa = PBXBuildFile; fileRef = 27864DEE1BDD931A00C7C73C /* Credits.rtf */; };
		27864DF31BDD931A00C7C73C /* libpython2.7.dylib in Frameworks */ = {isa = PBXBuildFile; fileRef = 27864DF21BDD931A00C7C73C /* libpython2.7.dylib */; };
		27864DF51BDD931A00C7C73C /* main.py in Resources */ = {isa = PBXBuildFile; fileRef = 27864DF41BDD931A00C7C73C /* main.py */; };
		27864DFA1BDD931A00C7C73C /* MainMenu.xib in Resources */ = {isa = PBXBuildFile; fileRef = 27864DF81BDD931A00C7C73C /* MainMenu.xib */; };
		27864DFC1BDD931A00C7C73C /* Assets.xcassets in Resources */ = {isa = PBXBuildFile; fileRef = 27864DFB1BDD931A00C7C73C /* Assets.xcassets */; };
		27D13CF21BDF2296007E5AB5 /* MyWindowController.py in Resources */ = {isa = PBXBuildFile; fileRef = 27D13CF11BDF2296007E5AB5 /* MyWindowController.py */; };
		4E73C8F81C4D7BD500AC78CF /* AppDelegate.py in Resources */ = {isa = PBXBuildFile; fileRef = 27864DF61BDD931A00C7C73C /* AppDelegate.py */; };
		4E73C8FA1C4D82A600AC78CF /* enroll.py in Resources */ = {isa = PBXBuildFile; fileRef = 4E73C8F91C4D82A600AC78CF /* enroll.py */; };
		4E73C8FC1C4D82B200AC78CF /* vendor in Resources */ = {isa = PBXBuildFile; fileRef = 4E73C8FB1C4D82B200AC78CF /* vendor */; };
/* End PBXBuildFile section */

/* Begin PBXFileReference section */
		27864DE11BDD931A00C7C73C /* EnrollGui.app */ = {isa = PBXFileReference; explicitFileType = wrapper.application; includeInIndex = 0; path = EnrollGui.app; sourceTree = BUILT_PRODUCTS_DIR; };
		27864DE41BDD931A00C7C73C /* Cocoa.framework */ = {isa = PBXFileReference; lastKnownFileType = wrapper.framework; name = Cocoa.framework; path = System/Library/Frameworks/Cocoa.framework; sourceTree = SDKROOT; };
		27864DE71BDD931A00C7C73C /* AppKit.framework */ = {isa = PBXFileReference; lastKnownFileType = wrapper.framework; name = AppKit.framework; path = System/Library/Frameworks/AppKit.framework; sourceTree = SDKROOT; };
		27864DE81BDD931A00C7C73C /* CoreData.framework */ = {isa = PBXFileReference; lastKnownFileType = wrapper.framework; name = CoreData.framework; path = System/Library/Frameworks/CoreData.framework; sourceTree = SDKROOT; };
		27864DE91BDD931A00C7C73C /* Foundation.framework */ = {isa = PBXFileReference; lastKnownFileType = wrapper.framework; name = Foundation.framework; path = System/Library/Frameworks/Foundation.framework; sourceTree = SDKROOT; };
		27864DEC1BDD931A00C7C73C /* main.m */ = {isa = PBXFileReference; lastKnownFileType = sourcecode.c.objc; path = main.m; sourceTree = "<group>"; };
		27864DEF1BDD931A00C7C73C /* en */ = {isa = PBXFileReference; lastKnownFileType = text.rtf; name = en; path = en.lproj/Credits.rtf; sourceTree = "<group>"; };
		27864DF21BDD931A00C7C73C /* libpython2.7.dylib */ = {isa = PBXFileReference; lastKnownFileType = "compiled.mach-o.dylib"; name = libpython2.7.dylib; path = /System/Library/Frameworks/Python.framework/Versions/2.7/lib/python2.7/config/libpython2.7.dylib; sourceTree = "<absolute>"; };
		27864DF41BDD931A00C7C73C /* main.py */ = {isa = PBXFileReference; lastKnownFileType = text.script.python; name = main.py; path = EnrollGui/main.py; sourceTree = SOURCE_ROOT; };
		27864DF61BDD931A00C7C73C /* AppDelegate.py */ = {isa = PBXFileReference; lastKnownFileType = text.script.python; name = AppDelegate.py; path = EnrollGui/AppDelegate.py; sourceTree = SOURCE_ROOT; };
		27864DF91BDD931A00C7C73C /* en */ = {isa = PBXFileReference; lastKnownFileType = file.xib; name = en; path = en.lproj/MainMenu.xib; sourceTree = "<group>"; };
		27864DFB1BDD931A00C7C73C /* Assets.xcassets */ = {isa = PBXFileReference; lastKnownFileType = folder.assetcatalog; name = Assets.xcassets; path = EnrollGui/Assets.xcassets; sourceTree = SOURCE_ROOT; };
		27864DFD1BDD931A00C7C73C /* Info.plist */ = {isa = PBXFileReference; lastKnownFileType = text.plist.xml; name = Info.plist; path = EnrollGui/Info.plist; sourceTree = SOURCE_ROOT; };
		27D13CF11BDF2296007E5AB5 /* MyWindowController.py */ = {isa = PBXFileReference; fileEncoding = 4; lastKnownFileType = text.script.python; name = MyWindowController.py; path = EnrollGui/MyWindowController.py; sourceTree = SOURCE_ROOT; usesTabs = 1; };
		4E73C8F91C4D82A600AC78CF /* enroll.py */ = {isa = PBXFileReference; fileEncoding = 4; lastKnownFileType = text.script.python; path = enroll.py; sourceTree = "<group>"; };
		4E73C8FB1C4D82B200AC78CF /* vendor */ = {isa = PBXFileReference; lastKnownFileType = folder; path = vendor; sourceTree = "<group>"; };
/* End PBXFileReference section */

/* Begin PBXFrameworksBuildPhase section */
		27864DDE1BDD931A00C7C73C /* Frameworks */ = {
			isa = PBXFrameworksBuildPhase;
			buildActionMask = 2147483647;
			files = (
				27864DF31BDD931A00C7C73C /* libpython2.7.dylib in Frameworks */,
				27864DE51BDD931A00C7C73C /* Cocoa.framework in Frameworks */,
			);
			runOnlyForDeploymentPostprocessing = 0;
		};
/* End PBXFrameworksBuildPhase section */

/* Begin PBXGroup section */
		27864DD81BDD931A00C7C73C = {
			isa = PBXGroup;
			children = (
				27864DEA1BDD931A00C7C73C /* EnrollGui */,
				27864DE31BDD931A00C7C73C /* Frameworks */,
				27864DE21BDD931A00C7C73C /* Products */,
			);
			sourceTree = "<group>";
		};
		27864DE21BDD931A00C7C73C /* Products */ = {
			isa = PBXGroup;
			children = (
				27864DE11BDD931A00C7C73C /* EnrollGui.app */,
			);
			name = Products;
			sourceTree = "<group>";
		};
		27864DE31BDD931A00C7C73C /* Frameworks */ = {
			isa = PBXGroup;
			children = (
				27864DE41BDD931A00C7C73C /* Cocoa.framework */,
				27864DE61BDD931A00C7C73C /* Other Frameworks */,
			);
			name = Frameworks;
			sourceTree = "<group>";
		};
		27864DE61BDD931A00C7C73C /* Other Frameworks */ = {
			isa = PBXGroup;
			children = (
				27864DE71BDD931A00C7C73C /* AppKit.framework */,
				27864DE81BDD931A00C7C73C /* CoreData.framework */,
				27864DE91BDD931A00C7C73C /* Foundation.framework */,
			);
			name = "Other Frameworks";
			sourceTree = "<group>";
		};
		27864DEA1BDD931A00C7C73C /* EnrollGui */ = {
			isa = PBXGroup;
			children = (
				4E73C8FB1C4D82B200AC78CF /* vendor */,
				4E73C8F91C4D82A600AC78CF /* enroll.py */,
				27864DF41BDD931A00C7C73C /* main.py */,
				27864DF61BDD931A00C7C73C /* AppDelegate.py */,
				27D13CF11BDF2296007E5AB5 /* MyWindowController.py */,
				27864DF81BDD931A00C7C73C /* MainMenu.xib */,
				27864DFB1BDD931A00C7C73C /* Assets.xcassets */,
				27864DFD1BDD931A00C7C73C /* Info.plist */,
				27864DF11BDD931A00C7C73C /* SharedLibraries */,
				27864DEB1BDD931A00C7C73C /* Supporting Files */,
			);
			path = EnrollGui;
			sourceTree = "<group>";
		};
		27864DEB1BDD931A00C7C73C /* Supporting Files */ = {
			isa = PBXGroup;
			children = (
				27864DEC1BDD931A00C7C73C /* main.m */,
				27864DEE1BDD931A00C7C73C /* Credits.rtf */,
			);
			name = "Supporting Files";
			sourceTree = "<group>";
		};
		27864DF11BDD931A00C7C73C /* SharedLibraries */ = {
			isa = PBXGroup;
			children = (
				27864DF21BDD931A00C7C73C /* libpython2.7.dylib */,
			);
			name = SharedLibraries;
			sourceTree = "<group>";
		};
/* End PBXGroup section */

/* Begin PBXNativeTarget section */
		27864DE01BDD931A00C7C73C /* EnrollGui */ = {
			isa = PBXNativeTarget;
			buildConfigurationList = 27864E001BDD931A00C7C73C /* Build configuration list for PBXNativeTarget "EnrollGui" */;
			buildPhases = (
				27864DDD1BDD931A00C7C73C /* Sources */,
				27864DDE1BDD931A00C7C73C /* Frameworks */,
				27864DDF1BDD931A00C7C73C /* Resources */,
			);
			buildRules = (
			);
			dependencies = (
			);
			name = EnrollGui;
			productName = EnrollGui;
			productReference = 27864DE11BDD931A00C7C73C /* EnrollGui.app */;
			productType = "com.apple.product-type.application";
		};
/* End PBXNativeTarget section */

/* Begin PBXProject section */
		27864DD91BDD931A00C7C73C /* Project object */ = {
			isa = PBXProject;
			attributes = {
				LastUpgradeCheck = 0710;
				ORGANIZATIONNAME = PowerHouse;
				TargetAttributes = {
					27864DE01BDD931A00C7C73C = {
						CreatedOnToolsVersion = 7.1;
					};
				};
			};
			buildConfigurationList = 27864DDC1BDD931A00C7C73C /* Build configuration list for PBXProject "EnrollGui" */;
			compatibilityVersion = "Xcode 3.2";
			developmentRegion = English;
			hasScannedForEncodings = 0;
			knownRegions = (
				en,
			);
			mainGroup = 27864DD81BDD931A00C7C73C;
			productRefGroup = 27864DE21BDD931A00C7C73C /* Products */;
			projectDirPath = "";
			projectRoot = "";
			targets = (
				27864DE01BDD931A00C7C73C /* EnrollGui */,
			);
		};
/* End PBXProject section */

/* Begin PBXResourcesBuildPhase section */
		27864DDF1BDD931A00C7C73C /* Resources */ = {
			isa = PBXResourcesBuildPhase;
			buildActionMask = 2147483647;
			files = (
				4E73C8F81C4D7BD500AC78CF /* AppDelegate.py in Resources */,
				27864DF01BDD931A00C7C73C /* Credits.rtf in Resources */,
				4E73C8FA1C4D82A600AC78CF /* enroll.py in Resources */,
				27D13CF21BDF2296007E5AB5 /* MyWindowController.py in Resources */,
				4E73C8FC1C4D82B200AC78CF /* vendor in Resources */,
				27864DF51BDD931A00C7C73C /* main.py in Resources */,
				27864DFA1BDD931A00C7C73C /* MainMenu.xib in Resources */,
				27864DFC1BDD931A00C7C73C /* Assets.xcassets in Resources */,
			);
			runOnlyForDeploymentPostprocessing = 0;
		};
/* End PBXResourcesBuildPhase section */

/* Begin PBXSourcesBuildPhase section */
		27864DDD1BDD931A00C7C73C /* Sources */ = {
			isa = PBXSourcesBuildPhase;
			buildActionMask = 2147483647;
			files = (
				27864DED1BDD931A00C7C73C /* main.m in Sources */,
			);
			runOnlyForDeploymentPostprocessing = 0;
		};
/* End PBXSourcesBuildPhase section */

/* Begin PBXVariantGroup section */
		27864DEE1BDD931A00C7C73C /* Credits.rtf */ = {
			isa = PBXVariantGroup;
			children = (
				27864DEF1BDD931A00C7C73C /* en */,
			);
			name = Credits.rtf;
			sourceTree = "<group>";
		};
		27864DF81BDD931A00C7C73C /* MainMenu.xib */ = {
			isa = PBXVariantGroup;
			children = (
				27864DF91BDD931A00C7C73C /* en */,
			);
			name = MainMenu.xib;
			sourceTree = "<group>";
		};
/* End PBXVariantGroup section */

/* Begin XCBuildConfiguration section */
		27864DFE1BDD931A00C7C73C /* Debug */ = {
			isa = XCBuildConfiguration;
			buildSettings = {
				ALWAYS_SEARCH_USER_PATHS = NO;
				CLANG_CXX_LANGUAGE_STANDARD = "gnu++0x";
				CLANG_CXX_LIBRARY = "libc++";
				CLANG_ENABLE_MODULES = YES;
				CLANG_ENABLE_OBJC_ARC = YES;
				CLANG_WARN_BOOL_CONVERSION = YES;
				CLANG_WARN_CONSTANT_CONVERSION = YES;
				CLANG_WARN_DIRECT_OBJC_ISA_USAGE = YES_ERROR;
				CLANG_WARN_EMPTY_BODY = YES;
				CLANG_WARN_ENUM_CONVERSION = YES;
				CLANG_WARN_INT_CONVERSION = YES;
				CLANG_WARN_OBJC_ROOT_CLASS = YES_ERROR;
				CLANG_WARN_UNREACHABLE_CODE = YES;
				CLANG_WARN__DUPLICATE_METHOD_MATCH = YES;
				CODE_SIGN_IDENTITY = "-";
				COPY_PHASE_STRIP = NO;
				DEBUG_INFORMATION_FORMAT = dwarf;
				ENABLE_STRICT_OBJC_MSGSEND = YES;
				ENABLE_TESTABILITY = YES;
				GCC_C_LANGUAGE_STANDARD = gnu99;
				GCC_DYNAMIC_NO_PIC = NO;
				GCC_NO_COMMON_BLOCKS = YES;
				GCC_OPTIMIZATION_LEVEL = 0;
				GCC_PREPROCESSOR_DEFINITIONS = (
					"DEBUG=1",
					"$(inherited)",
				);
				GCC_WARN_64_TO_32_BIT_CONVERSION = YES;
				GCC_WARN_ABOUT_RETURN_TYPE = YES_ERROR;
				GCC_WARN_UNDECLARED_SELECTOR = YES;
				GCC_WARN_UNINITIALIZED_AUTOS = YES_AGGRESSIVE;
				GCC_WARN_UNUSED_FUNCTION = YES;
				GCC_WARN_UNUSED_VARIABLE = YES;
				HEADER_SEARCH_PATHS = (
					"$(inherited)",
					/System/Library/Frameworks/Python.framework/Versions/2.7/include/python2.7,
				);
				LIBRARY_SEARCH_PATHS = (
					"$(inherited)",
					"$(SYSTEM_LIBRARY_DIR)/Frameworks/Python.framework/Versions/2.7/lib/python2.7/config",
				);
				MACOSX_DEPLOYMENT_TARGET = 10.10;
				MTL_ENABLE_DEBUG_INFO = YES;
				ONLY_ACTIVE_ARCH = YES;
				SDKROOT = macosx;
			};
			name = Debug;
		};
		27864DFF1BDD931A00C7C73C /* Release */ = {
			isa = XCBuildConfiguration;
			buildSettings = {
				ALWAYS_SEARCH_USER_PATHS = NO;
				CLANG_CXX_LANGUAGE_STANDARD = "gnu++0x";
				CLANG_CXX_LIBRARY = "libc++";
				CLANG_ENABLE_MODULES = YES;
				CLANG_ENABLE_OBJC_ARC = YES;
				CLANG_WARN_BOOL_CONVERSION = YES;
				CLANG_WARN_CONSTANT_CONVERSION = YES;
				CLANG_WARN_DIRECT_OBJC_ISA_USAGE = YES_ERROR;
				CLANG_WARN_EMPTY_BODY = YES;
				CLANG_WARN_ENUM_CONVERSION = YES;
				CLANG_WARN_INT_CONVERSION = YES;
				CLANG_WARN_OBJC_ROOT_CLASS = YES_ERROR;
				CLANG_WARN_UNREACHABLE_CODE = YES;
				CLANG_WARN__DUPLICATE_METHOD_MATCH = YES;
				CODE_SIGN_IDENTITY = "-";
				COPY_PHASE_STRIP = NO;
				DEBUG_INFORMATION_FORMAT = "dwarf-with-dsym";
				ENABLE_NS_ASSERTIONS = NO;
				ENABLE_STRICT_OBJC_MSGSEND = YES;
				GCC_C_LANGUAGE_STANDARD = gnu99;
				GCC_NO_COMMON_BLOCKS = YES;
				GCC_WARN_64_TO_32_BIT_CONVERSION = YES;
				GCC_WARN_ABOUT_RETURN_TYPE = YES_ERROR;
				GCC_WARN_UNDECLARED_SELECTOR = YES;
				GCC_WARN_UNINITIALIZED_AUTOS = YES_AGGRESSIVE;
				GCC_WARN_UNUSED_FUNCTION = YES;
				GCC_WARN_UNUSED_VARIABLE = YES;
				HEADER_SEARCH_PATHS = (
					"$(inherited)",
					/System/Library/Frameworks/Python.framework/Versions/2.7/include/python2.7,
				);
				LIBRARY_SEARCH_PATHS = (
					"$(inherited)",
					"$(SYSTEM_LIBRARY_DIR)/Frameworks/Python.framework/Versions/2.7/lib/python2.7/config",
				);
				MACOSX_DEPLOYMENT_TARGET = 10.10;
				MTL_ENABLE_DEBUG_INFO = NO;
				SDKROOT = macosx;
			};
			name = Release;
		};
		27864E011BDD931A00C7C73C /* Debug */ = {
			isa = XCBuildConfiguration;
			buildSettings = {
				ASSETCATALOG_COMPILER_APPICON_NAME = AppIcon;
				COMBINE_HIDPI_IMAGES = YES;
				INFOPLIST_FILE = EnrollGui/Info.plist;
				LD_RUNPATH_SEARCH_PATHS = "$(inherited) @executable_path/../Frameworks";
				LIBRARY_SEARCH_PATHS = (
					"$(inherited)",
					"$(SYSTEM_LIBRARY_DIR)/Frameworks/Python.framework/Versions/2.7/lib/python2.7/config",
				);
				PRODUCT_BUNDLE_IDENTIFIER = "PH-IT.EnrollGui";
				PRODUCT_NAME = "$(TARGET_NAME)";
			};
			name = Debug;
		};
		27864E021BDD931A00C7C73C /* Release */ = {
			isa = XCBuildConfiguration;
			buildSettings = {
				ASSETCATALOG_COMPILER_APPICON_NAME = AppIcon;
				COMBINE_HIDPI_IMAGES = YES;
				INFOPLIST_FILE = EnrollGui/Info.plist;
				LD_RUNPATH_SEARCH_PATHS = "$(inherited) @executable_path/../Frameworks";
				LIBRARY_SEARCH_PATHS = (
					"$(inherited)",
					"$(SYSTEM_LIBRARY_DIR)/Frameworks/Python.framework/Versions/2.7/lib/python2.7/config",
				);
				PRODUCT_BUNDLE_IDENTIFIER = "PH-IT.EnrollGui";
				PRODUCT_NAME = "$(TARGET_NAME)";
			};
			name = Release;
		};
/* End XCBuildConfiguration section */

/* Begin XCConfigurationList section */
		27864DDC1BDD931A00C7C73C /* Build configuration list for PBXProject "EnrollGui" */ = {
			isa = XCConfigurationList;
			buildConfigurations = (
				27864DFE1BDD931A00C7C73C /* Debug */,
				27864DFF1BDD931A00C7C73C /* Release */,
			);
			defaultConfigurationIsVisible = 0;
			defaultConfigurationName = Release;
		};
		27864E001BDD931A00C7C73C /* Build configuration list for PBXNativeTarget "EnrollGui" */ = {
			isa = XCConfigurationList;
			buildConfigurations = (
				27864E011BDD931A00C7C73C /* Debug */,
				27864E021BDD931A00C7C73C /* Release */,
			);
			defaultConfigurationIsVisible = 0;
			defaultConfigurationName = Release;
		};
/* End XCConfigurationList section */
	};
	rootObject = 27864DD91BDD931A00C7C73C /* Project object */;
}
